
Microsoft Visual Studio Solution File, Format Version 12.00
# Visual Studio 15
VisualStudioVersion = 15.0.26124.0
MinimumVisualStudioVersion = 15.0.26124.0
Project("{FAE04EC0-301F-11D3-BF4B-00C04F79EFBC}") = "Proyecto", "Proyecto\Proyecto.csproj", "{3284D2DA-FD74-48F6-8A5A-4579160B1909}"
EndProject
Project("{FAE04EC0-301F-11D3-BF4B-00C04F79EFBC}") = "Entity", "Entity\Entity.csproj", "{C426E9E1-A5E4-48F1-A850-11034ACD8C35}"
EndProject
Project("{FAE04EC0-301F-11D3-BF4B-00C04F79EFBC}") = "Datos", "Datos\Datos.csproj", "{163E6B62-7CE4-4017-A25C-2E44F89851E3}"
EndProject
Project("{FAE04EC0-301F-11D3-BF4B-00C04F79EFBC}") = "Logica", "Logica\Logica.csproj", "{3B57C90E-8583-4CF6-9A34-50D89D77AC14}"
EndProject
Global
	GlobalSection(SolutionConfigurationPlatforms) = preSolution
		Debug|Any CPU = Debug|Any CPU
		Debug|x64 = Debug|x64
		Debug|x86 = Debug|x86
		Release|Any CPU = Release|Any CPU
		Release|x64 = Release|x64
		Release|x86 = Release|x86
	EndGlobalSection
	GlobalSection(SolutionProperties) = preSolution
		HideSolutionNode = FALSE
	EndGlobalSection
	GlobalSection(ProjectConfigurationPlatforms) = postSolution
		{3284D2DA-FD74-48F6-8A5A-4579160B1909}.Debug|Any CPU.ActiveCfg = Debug|Any CPU
		{3284D2DA-FD74-48F6-8A5A-4579160B1909}.Debug|Any CPU.Build.0 = Debug|Any CPU
		{3284D2DA-FD74-48F6-8A5A-4579160B1909}.Debug|x64.ActiveCfg = Debug|Any CPU
		{3284D2DA-FD74-48F6-8A5A-4579160B1909}.Debug|x64.Build.0 = Debug|Any CPU
		{3284D2DA-FD74-48F6-8A5A-4579160B1909}.Debug|x86.ActiveCfg = Debug|Any CPU
		{3284D2DA-FD74-48F6-8A5A-4579160B1909}.Debug|x86.Build.0 = Debug|Any CPU
		{3284D2DA-FD74-48F6-8A5A-4579160B1909}.Release|Any CPU.ActiveCfg = Release|Any CPU
		{3284D2DA-FD74-48F6-8A5A-4579160B1909}.Release|Any CPU.Build.0 = Release|Any CPU
		{3284D2DA-FD74-48F6-8A5A-4579160B1909}.Release|x64.ActiveCfg = Release|Any CPU
		{3284D2DA-FD74-48F6-8A5A-4579160B1909}.Release|x64.Build.0 = Release|Any CPU
		{3284D2DA-FD74-48F6-8A5A-4579160B1909}.Release|x86.ActiveCfg = Release|Any CPU
		{3284D2DA-FD74-48F6-8A5A-4579160B1909}.Release|x86.Build.0 = Release|Any CPU
		{C426E9E1-A5E4-48F1-A850-11034ACD8C35}.Debug|Any CPU.ActiveCfg = Debug|Any CPU
		{C426E9E1-A5E4-48F1-A850-11034ACD8C35}.Debug|Any CPU.Build.0 = Debug|Any CPU
		{C426E9E1-A5E4-48F1-A850-11034ACD8C35}.Debug|x64.ActiveCfg = Debug|Any CPU
		{C426E9E1-A5E4-48F1-A850-11034ACD8C35}.Debug|x64.Build.0 = Debug|Any CPU
		{C426E9E1-A5E4-48F1-A850-11034ACD8C35}.Debug|x86.ActiveCfg = Debug|Any CPU
		{C426E9E1-A5E4-48F1-A850-11034ACD8C35}.Debug|x86.Build.0 = Debug|Any CPU
		{C426E9E1-A5E4-48F1-A850-11034ACD8C35}.Release|Any CPU.ActiveCfg = Release|Any CPU
		{C426E9E1-A5E4-48F1-A850-11034ACD8C35}.Release|Any CPU.Build.0 = Release|Any CPU
		{C426E9E1-A5E4-48F1-A850-11034ACD8C35}.Release|x64.ActiveCfg = Release|Any CPU
		{C426E9E1-A5E4-48F1-A850-11034ACD8C35}.Release|x64.Build.0 = Release|Any CPU
		{C426E9E1-A5E4-48F1-A850-11034ACD8C35}.Release|x86.ActiveCfg = Release|Any CPU
		{C426E9E1-A5E4-48F1-A850-11034ACD8C35}.Release|x86.Build.0 = Release|Any CPU
		{163E6B62-7CE4-4017-A25C-2E44F89851E3}.Debug|Any CPU.ActiveCfg = Debug|Any CPU
		{163E6B62-7CE4-4017-A25C-2E44F89851E3}.Debug|Any CPU.Build.0 = Debug|Any CPU
		{163E6B62-7CE4-4017-A25C-2E44F89851E3}.Debug|x64.ActiveCfg = Debug|Any CPU
		{163E6B62-7CE4-4017-A25C-2E44F89851E3}.Debug|x64.Build.0 = Debug|Any CPU
		{163E6B62-7CE4-4017-A25C-2E44F89851E3}.Debug|x86.ActiveCfg = Debug|Any CPU
		{163E6B62-7CE4-4017-A25C-2E44F89851E3}.Debug|x86.Build.0 = Debug|Any CPU
		{163E6B62-7CE4-4017-A25C-2E44F89851E3}.Release|Any CPU.ActiveCfg = Release|Any CPU
		{163E6B62-7CE4-4017-A25C-2E44F89851E3}.Release|Any CPU.Build.0 = Release|Any CPU
		{163E6B62-7CE4-4017-A25C-2E44F89851E3}.Release|x64.ActiveCfg = Release|Any CPU
		{163E6B62-7CE4-4017-A25C-2E44F89851E3}.Release|x64.Build.0 = Release|Any CPU
		{163E6B62-7CE4-4017-A25C-2E44F89851E3}.Release|x86.ActiveCfg = Release|Any CPU
		{163E6B62-7CE4-4017-A25C-2E44F89851E3}.Release|x86.Build.0 = Release|Any CPU
		{3B57C90E-8583-4CF6-9A34-50D89D77AC14}.Debug|Any CPU.ActiveCfg = Debug|Any CPU
		{3B57C90E-8583-4CF6-9A34-50D89D77AC14}.Debug|Any CPU.Build.0 = Debug|Any CPU
		{3B57C90E-8583-4CF6-9A34-50D89D77AC14}.Debug|x64.ActiveCfg = Debug|Any CPU
		{3B57C90E-8583-4CF6-9A34-50D89D77AC14}.Debug|x64.Build.0 = Debug|Any CPU
		{3B57C90E-8583-4CF6-9A34-50D89D77AC14}.Debug|x86.ActiveCfg = Debug|Any CPU
		{3B57C90E-8583-4CF6-9A34-50D89D77AC14}.Debug|x86.Build.0 = Debug|Any CPU
		{3B57C90E-8583-4CF6-9A34-50D89D77AC14}.Release|Any CPU.ActiveCfg = Release|Any CPU
		{3B57C90E-8583-4CF6-9A34-50D89D77AC14}.Release|Any CPU.Build.0 = Release|Any CPU
		{3B57C90E-8583-4CF6-9A34-50D89D77AC14}.Release|x64.ActiveCfg = Release|Any CPU
		{3B57C90E-8583-4CF6-9A34-50D89D77AC14}.Release|x64.Build.0 = Release|Any CPU
		{3B57C90E-8583-4CF6-9A34-50D89D77AC14}.Release|x86.ActiveCfg = Release|Any CPU
		{3B57C90E-8583-4CF6-9A34-50D89D77AC14}.Release|x86.Build.0 = Release|Any CPU
	EndGlobalSection
EndGlobal
